
Microsoft Visual Studio Solution File, Format Version 12.00
# Visual Studio Version 16
VisualStudioVersion = 16.0.30804.86
MinimumVisualStudioVersion = 10.0.40219.1
Project("{FAE04EC0-301F-11D3-BF4B-00C04F79EFBC}") = "Bai_1.0_LamQuenVoiCSharp", "Bai_1.0_LamQuenVoiCSharp\Bai_1.0_LamQuenVoiCSharp.csproj", "{CDBA8A38-F8C3-4E0C-B9D8-B283A0096F02}"
EndProject
Project("{FAE04EC0-301F-11D3-BF4B-00C04F79EFBC}") = "Bai_1.1_KhaiBaoBien", "Bai_1.1_KhaiBaoBien\Bai_1.1_KhaiBaoBien.csproj", "{33CA46B3-5A51-419D-8302-4D49547B9AA8}"
EndProject
Project("{FAE04EC0-301F-11D3-BF4B-00C04F79EFBC}") = "Bai_1.2_NhapXuatDuLieuTuBanPhim", "Bai_1.2_NhapXuatDuLieuTuBanPhim\Bai_1.2_NhapXuatDuLieuTuBanPhim.csproj", "{21DC18C3-A8C3-47E9-8CD8-38FD88D7E351}"
EndProject
Project("{FAE04EC0-301F-11D3-BF4B-00C04F79EFBC}") = "Bai_1.3_EpKieuTrongLapTrinh", "Bai_1.3_EpKieuTrongLapTrinh\Bai_1.3_EpKieuTrongLapTrinh.csproj", "{DA911364-6593-414C-9398-396D49102991}"
EndProject
Project("{FAE04EC0-301F-11D3-BF4B-00C04F79EFBC}") = "Bai_1.4_ToanTuTrongLapTrinh", "Bai_1.4_ToanTuTrongLapTrinh\Bai_1.4_ToanTuTrongLapTrinh.csproj", "{AFA48BD8-6AE4-4FF0-BD8C-FBE10B4E9B26}"
EndProject
Project("{FAE04EC0-301F-11D3-BF4B-00C04F79EFBC}") = "Bai_1.5_CauDieuKien_IF", "Bai_1.5_CauDieuKien_IF\Bai_1.5_CauDieuKien_IF.csproj", "{EFE33572-8AE0-4DFF-B03C-36B619D8C0DB}"
EndProject
Project("{FAE04EC0-301F-11D3-BF4B-00C04F79EFBC}") = "Bai_1.7_CauDienKien_ELSE_IF", "Bai_1.7_CauDienKien_ELSE_IF\Bai_1.7_CauDienKien_ELSE_IF.csproj", "{2BCDB37F-AE71-4891-BDB6-ACF2298329D8}"
EndProject
Project("{FAE04EC0-301F-11D3-BF4B-00C04F79EFBC}") = "Bai_1.8_ToanTuBaNgoi", "Bai_1.8_ToanTuBaNgoi\Bai_1.8_ToanTuBaNgoi.csproj", "{CD5F22B3-1295-41DE-A0A3-3E094F6B79A4}"
EndProject
Project("{FAE04EC0-301F-11D3-BF4B-00C04F79EFBC}") = "Bai_1.9_Switch_Case", "Bai_1.9_Switch_Case\Bai_1.9_Switch_Case.csproj", "{8E55D69B-FAB6-4620-A63D-0DDA6EC29781}"
EndProject
Project("{FAE04EC0-301F-11D3-BF4B-00C04F79EFBC}") = "Bai_1.6_CauDieuKien_IF_ELSE", "Bai_1.6_CauDieuKien_IF_ELSE\Bai_1.6_CauDieuKien_IF_ELSE.csproj", "{08C0257C-6C7B-41E1-AFC7-9BA0F92BE0D9}"
EndProject
Project("{FAE04EC0-301F-11D3-BF4B-00C04F79EFBC}") = "Bai_2.0_VongLap_While", "Bai_2.0_VongLap_While\Bai_2.0_VongLap_While.csproj", "{6DD3672D-75DA-4BB2-87E1-8A198667A5A0}"
EndProject
Project("{FAE04EC0-301F-11D3-BF4B-00C04F79EFBC}") = "BAI_2.1_DO_WHILE", "BAI_2.1_DO_WHILE\BAI_2.1_DO_WHILE.csproj", "{3AC8ED64-A1C9-4EF9-936E-5D92608F5B6F}"
EndProject
Project("{FAE04EC0-301F-11D3-BF4B-00C04F79EFBC}") = "Bai_2.2_VongLap_For", "Bai_2.2_VongLap_For\Bai_2.2_VongLap_For.csproj", "{A7CA3CA0-097E-47E9-BA60-0753B673D17B}"
EndProject
Project("{FAE04EC0-301F-11D3-BF4B-00C04F79EFBC}") = "Bai_2.3_VongLap_Foreach", "Bai_2.3_VongLap_Foreach\Bai_2.3_VongLap_Foreach.csproj", "{8D3DB98B-2852-4DD1-8A71-3CC2C91F4266}"
EndProject
Project("{FAE04EC0-301F-11D3-BF4B-00C04F79EFBC}") = "Bai_2.4_BaiTap_OnTap", "BAI_2.5_BaiTap_OnTap\Bai_2.4_BaiTap_OnTap.csproj", "{9C2C6D8B-25AB-4245-941D-A3A522316C2F}"
EndProject
Project("{FAE04EC0-301F-11D3-BF4B-00C04F79EFBC}") = "Bai_2.5_Array", "Bai_2.5_Array\Bai_2.5_Array.csproj", "{FC8532EC-8771-4E5E-94E0-4FBD6E82EA4F}"
EndProject
Project("{FAE04EC0-301F-11D3-BF4B-00C04F79EFBC}") = "BAI_MAU_BIEN_TOANTU_VONGLAP_DIEUKIEN_NHAPXUAT", "BAI_MAU_BIEN_TOANTU_VONGLAP_DIEUKIEN_NHAPXUAT\BAI_MAU_BIEN_TOANTU_VONGLAP_DIEUKIEN_NHAPXUAT.csproj", "{50D0FA09-DFAB-41B3-A7B1-CBDA657F388F}"
EndProject
Project("{FAE04EC0-301F-11D3-BF4B-00C04F79EFBC}") = "Bai_2.6_ThaoTacVoiMang", "Bai_2.6_ThaoTacVoiMang\Bai_2.6_ThaoTacVoiMang.csproj", "{DB68EEB3-69AF-4BB0-BC97-C008627F4545}"
EndProject
Global
	GlobalSection(SolutionConfigurationPlatforms) = preSolution
		Debug|Any CPU = Debug|Any CPU
		Release|Any CPU = Release|Any CPU
	EndGlobalSection
	GlobalSection(ProjectConfigurationPlatforms) = postSolution
		{CDBA8A38-F8C3-4E0C-B9D8-B283A0096F02}.Debug|Any CPU.ActiveCfg = Debug|Any CPU
		{CDBA8A38-F8C3-4E0C-B9D8-B283A0096F02}.Debug|Any CPU.Build.0 = Debug|Any CPU
		{CDBA8A38-F8C3-4E0C-B9D8-B283A0096F02}.Release|Any CPU.ActiveCfg = Release|Any CPU
		{CDBA8A38-F8C3-4E0C-B9D8-B283A0096F02}.Release|Any CPU.Build.0 = Release|Any CPU
		{33CA46B3-5A51-419D-8302-4D49547B9AA8}.Debug|Any CPU.ActiveCfg = Debug|Any CPU
		{33CA46B3-5A51-419D-8302-4D49547B9AA8}.Debug|Any CPU.Build.0 = Debug|Any CPU
		{33CA46B3-5A51-419D-8302-4D49547B9AA8}.Release|Any CPU.ActiveCfg = Release|Any CPU
		{33CA46B3-5A51-419D-8302-4D49547B9AA8}.Release|Any CPU.Build.0 = Release|Any CPU
		{21DC18C3-A8C3-47E9-8CD8-38FD88D7E351}.Debug|Any CPU.ActiveCfg = Debug|Any CPU
		{21DC18C3-A8C3-47E9-8CD8-38FD88D7E351}.Debug|Any CPU.Build.0 = Debug|Any CPU
		{21DC18C3-A8C3-47E9-8CD8-38FD88D7E351}.Release|Any CPU.ActiveCfg = Release|Any CPU
		{21DC18C3-A8C3-47E9-8CD8-38FD88D7E351}.Release|Any CPU.Build.0 = Release|Any CPU
		{DA911364-6593-414C-9398-396D49102991}.Debug|Any CPU.ActiveCfg = Debug|Any CPU
		{DA911364-6593-414C-9398-396D49102991}.Debug|Any CPU.Build.0 = Debug|Any CPU
		{DA911364-6593-414C-9398-396D49102991}.Release|Any CPU.ActiveCfg = Release|Any CPU
		{DA911364-6593-414C-9398-396D49102991}.Release|Any CPU.Build.0 = Release|Any CPU
		{AFA48BD8-6AE4-4FF0-BD8C-FBE10B4E9B26}.Debug|Any CPU.ActiveCfg = Debug|Any CPU
		{AFA48BD8-6AE4-4FF0-BD8C-FBE10B4E9B26}.Debug|Any CPU.Build.0 = Debug|Any CPU
		{AFA48BD8-6AE4-4FF0-BD8C-FBE10B4E9B26}.Release|Any CPU.ActiveCfg = Release|Any CPU
		{AFA48BD8-6AE4-4FF0-BD8C-FBE10B4E9B26}.Release|Any CPU.Build.0 = Release|Any CPU
		{EFE33572-8AE0-4DFF-B03C-36B619D8C0DB}.Debug|Any CPU.ActiveCfg = Debug|Any CPU
		{EFE33572-8AE0-4DFF-B03C-36B619D8C0DB}.Debug|Any CPU.Build.0 = Debug|Any CPU
		{EFE33572-8AE0-4DFF-B03C-36B619D8C0DB}.Release|Any CPU.ActiveCfg = Release|Any CPU
		{EFE33572-8AE0-4DFF-B03C-36B619D8C0DB}.Release|Any CPU.Build.0 = Release|Any CPU
		{2BCDB37F-AE71-4891-BDB6-ACF2298329D8}.Debug|Any CPU.ActiveCfg = Debug|Any CPU
		{2BCDB37F-AE71-4891-BDB6-ACF2298329D8}.Debug|Any CPU.Build.0 = Debug|Any CPU
		{2BCDB37F-AE71-4891-BDB6-ACF2298329D8}.Release|Any CPU.ActiveCfg = Release|Any CPU
		{2BCDB37F-AE71-4891-BDB6-ACF2298329D8}.Release|Any CPU.Build.0 = Release|Any CPU
		{CD5F22B3-1295-41DE-A0A3-3E094F6B79A4}.Debug|Any CPU.ActiveCfg = Debug|Any CPU
		{CD5F22B3-1295-41DE-A0A3-3E094F6B79A4}.Debug|Any CPU.Build.0 = Debug|Any CPU
		{CD5F22B3-1295-41DE-A0A3-3E094F6B79A4}.Release|Any CPU.ActiveCfg = Release|Any CPU
		{CD5F22B3-1295-41DE-A0A3-3E094F6B79A4}.Release|Any CPU.Build.0 = Release|Any CPU
		{8E55D69B-FAB6-4620-A63D-0DDA6EC29781}.Debug|Any CPU.ActiveCfg = Debug|Any CPU
		{8E55D69B-FAB6-4620-A63D-0DDA6EC29781}.Debug|Any CPU.Build.0 = Debug|Any CPU
		{8E55D69B-FAB6-4620-A63D-0DDA6EC29781}.Release|Any CPU.ActiveCfg = Release|Any CPU
		{8E55D69B-FAB6-4620-A63D-0DDA6EC29781}.Release|Any CPU.Build.0 = Release|Any CPU
		{08C0257C-6C7B-41E1-AFC7-9BA0F92BE0D9}.Debug|Any CPU.ActiveCfg = Debug|Any CPU
		{08C0257C-6C7B-41E1-AFC7-9BA0F92BE0D9}.Debug|Any CPU.Build.0 = Debug|Any CPU
		{08C0257C-6C7B-41E1-AFC7-9BA0F92BE0D9}.Release|Any CPU.ActiveCfg = Release|Any CPU
		{08C0257C-6C7B-41E1-AFC7-9BA0F92BE0D9}.Release|Any CPU.Build.0 = Release|Any CPU
		{6DD3672D-75DA-4BB2-87E1-8A198667A5A0}.Debug|Any CPU.ActiveCfg = Debug|Any CPU
		{6DD3672D-75DA-4BB2-87E1-8A198667A5A0}.Debug|Any CPU.Build.0 = Debug|Any CPU
		{6DD3672D-75DA-4BB2-87E1-8A198667A5A0}.Release|Any CPU.ActiveCfg = Release|Any CPU
		{6DD3672D-75DA-4BB2-87E1-8A198667A5A0}.Release|Any CPU.Build.0 = Release|Any CPU
		{3AC8ED64-A1C9-4EF9-936E-5D92608F5B6F}.Debug|Any CPU.ActiveCfg = Debug|Any CPU
		{3AC8ED64-A1C9-4EF9-936E-5D92608F5B6F}.Debug|Any CPU.Build.0 = Debug|Any CPU
		{3AC8ED64-A1C9-4EF9-936E-5D92608F5B6F}.Release|Any CPU.ActiveCfg = Release|Any CPU
		{3AC8ED64-A1C9-4EF9-936E-5D92608F5B6F}.Release|Any CPU.Build.0 = Release|Any CPU
		{A7CA3CA0-097E-47E9-BA60-0753B673D17B}.Debug|Any CPU.ActiveCfg = Debug|Any CPU
		{A7CA3CA0-097E-47E9-BA60-0753B673D17B}.Debug|Any CPU.Build.0 = Debug|Any CPU
		{A7CA3CA0-097E-47E9-BA60-0753B673D17B}.Release|Any CPU.ActiveCfg = Release|Any CPU
		{A7CA3CA0-097E-47E9-BA60-0753B673D17B}.Release|Any CPU.Build.0 = Release|Any CPU
		{8D3DB98B-2852-4DD1-8A71-3CC2C91F4266}.Debug|Any CPU.ActiveCfg = Debug|Any CPU
		{8D3DB98B-2852-4DD1-8A71-3CC2C91F4266}.Debug|Any CPU.Build.0 = Debug|Any CPU
		{8D3DB98B-2852-4DD1-8A71-3CC2C91F4266}.Release|Any CPU.ActiveCfg = Release|Any CPU
		{8D3DB98B-2852-4DD1-8A71-3CC2C91F4266}.Release|Any CPU.Build.0 = Release|Any CPU
		{9C2C6D8B-25AB-4245-941D-A3A522316C2F}.Debug|Any CPU.ActiveCfg = Debug|Any CPU
		{9C2C6D8B-25AB-4245-941D-A3A522316C2F}.Debug|Any CPU.Build.0 = Debug|Any CPU
		{9C2C6D8B-25AB-4245-941D-A3A522316C2F}.Release|Any CPU.ActiveCfg = Release|Any CPU
		{9C2C6D8B-25AB-4245-941D-A3A522316C2F}.Release|Any CPU.Build.0 = Release|Any CPU
		{FC8532EC-8771-4E5E-94E0-4FBD6E82EA4F}.Debug|Any CPU.ActiveCfg = Debug|Any CPU
		{FC8532EC-8771-4E5E-94E0-4FBD6E82EA4F}.Debug|Any CPU.Build.0 = Debug|Any CPU
		{FC8532EC-8771-4E5E-94E0-4FBD6E82EA4F}.Release|Any CPU.ActiveCfg = Release|Any CPU
		{FC8532EC-8771-4E5E-94E0-4FBD6E82EA4F}.Release|Any CPU.Build.0 = Release|Any CPU
		{50D0FA09-DFAB-41B3-A7B1-CBDA657F388F}.Debug|Any CPU.ActiveCfg = Debug|Any CPU
		{50D0FA09-DFAB-41B3-A7B1-CBDA657F388F}.Debug|Any CPU.Build.0 = Debug|Any CPU
		{50D0FA09-DFAB-41B3-A7B1-CBDA657F388F}.Release|Any CPU.ActiveCfg = Release|Any CPU
		{50D0FA09-DFAB-41B3-A7B1-CBDA657F388F}.Release|Any CPU.Build.0 = Release|Any CPU
		{DB68EEB3-69AF-4BB0-BC97-C008627F4545}.Debug|Any CPU.ActiveCfg = Debug|Any CPU
		{DB68EEB3-69AF-4BB0-BC97-C008627F4545}.Debug|Any CPU.Build.0 = Debug|Any CPU
		{DB68EEB3-69AF-4BB0-BC97-C008627F4545}.Release|Any CPU.ActiveCfg = Release|Any CPU
		{DB68EEB3-69AF-4BB0-BC97-C008627F4545}.Release|Any CPU.Build.0 = Release|Any CPU
	EndGlobalSection
	GlobalSection(SolutionProperties) = preSolution
		HideSolutionNode = FALSE
	EndGlobalSection
	GlobalSection(ExtensibilityGlobals) = postSolution
		SolutionGuid = {A3961374-0B97-4BF0-A305-084147323A99}
	EndGlobalSection
EndGlobal
